// !$*UTF8*$!
{
	archiveVersion = 1;
	classes = {
	};
	objectVersion = 42;
	objects = {

/* Begin PBXBuildFile section */
		4BB41E4A09ED417D00EE9367 /* InfoPlist.strings in Resources */ = {isa = PBXBuildFile; fileRef = 0867D6AAFE840B52C02AAC07 /* InfoPlist.strings */; };
		4BB41E4B09ED417D00EE9367 /* msDrivers.icns in Resources */ = {isa = PBXBuildFile; fileRef = D3F581810507341900053103 /* msDrivers.icns */; };
		4BB41E4C09ED417D00EE9367 /* versions.txt in Resources */ = {isa = PBXBuildFile; fileRef = D3EE809C05BC06E000FE2FFB /* versions.txt */; };
		4BB41E4E09ED417D00EE9367 /* msDrivers.c in Sources */ = {isa = PBXBuildFile; fileRef = F72817500206AC2D01053118 /* msDrivers.c */; };
		4BB41E4F09ED417D00EE9367 /* msDrvAppl.c in Sources */ = {isa = PBXBuildFile; fileRef = F72817520206AC2D01053118 /* msDrvAppl.c */; };
		4BB41E5009ED417D00EE9367 /* profport.c in Sources */ = {isa = PBXBuildFile; fileRef = F7504113020708BE01053118 /* profport.c */; };
		4BB41E5109ED417D00EE9367 /* states.c in Sources */ = {isa = PBXBuildFile; fileRef = F75041100207042D01053118 /* states.c */; };
		4BB41E5309ED417D00EE9367 /* Carbon.framework in Frameworks */ = {isa = PBXBuildFile; fileRef = 20286C33FDCF999611CA2CEA /* Carbon.framework */; };
		4BB41E5609ED417D00EE9367 /* msDrivers.r in Rez */ = {isa = PBXBuildFile; fileRef = F72817510206AC2D01053118 /* msDrivers.r */; };
		4BDE3A6809EE9D9D0009E823 /* Info-msDrivers.plist in Resources */ = {isa = PBXBuildFile; fileRef = 4BDE3A6709EE9D9D0009E823 /* Info-msDrivers.plist */; };
		D36738E2124CE798006AB177 /* MidiShare.framework in Frameworks */ = {isa = PBXBuildFile; fileRef = D36738E1124CE798006AB177 /* MidiShare.framework */; };
/* End PBXBuildFile section */

/* Begin PBXFileReference section */
		0640BAA4FFF0323A11CA0E50 /* ApplicationServices.framework */ = {isa = PBXFileReference; lastKnownFileType = wrapper.framework; name = ApplicationServices.framework; path = /System/Library/Frameworks/ApplicationServices.framework; sourceTree = "<absolute>"; };
		0640BAA5FFF0323A11CA0E50 /* CoreServices.framework */ = {isa = PBXFileReference; lastKnownFileType = wrapper.framework; name = CoreServices.framework; path = /System/Library/Frameworks/CoreServices.framework; sourceTree = "<absolute>"; };
		0867D6ABFE840B52C02AAC07 /* English */ = {isa = PBXFileReference; fileEncoding = 10; lastKnownFileType = text.plist.strings; name = English; path = English.lproj/InfoPlist.strings; sourceTree = "<group>"; };
		20286C33FDCF999611CA2CEA /* Carbon.framework */ = {isa = PBXFileReference; lastKnownFileType = wrapper.framework; name = Carbon.framework; path = /System/Library/Frameworks/Carbon.framework; sourceTree = "<absolute>"; };
		4BB41E5C09ED417D00EE9367 /* msDrivers.app */ = {isa = PBXFileReference; explicitFileType = wrapper.application; includeInIndex = 0; path = msDrivers.app; sourceTree = BUILT_PRODUCTS_DIR; };
		4BDE3A6709EE9D9D0009E823 /* Info-msDrivers.plist */ = {isa = PBXFileReference; fileEncoding = 30; lastKnownFileType = text.plist.xml; path = "Info-msDrivers.plist"; sourceTree = SOURCE_ROOT; };
		D36738E1124CE798006AB177 /* MidiShare.framework */ = {isa = PBXFileReference; lastKnownFileType = wrapper.framework; name = MidiShare.framework; path = /Users/fober/src/midishare/src/cmake/Release/MidiShare.framework; sourceTree = "<absolute>"; };
		D3EE809C05BC06E000FE2FFB /* versions.txt */ = {isa = PBXFileReference; fileEncoding = 30; lastKnownFileType = text; path = versions.txt; sourceTree = "<group>"; };
		D3F581810507341900053103 /* msDrivers.icns */ = {isa = PBXFileReference; lastKnownFileType = image.icns; path = msDrivers.icns; sourceTree = SOURCE_ROOT; };
		F72817500206AC2D01053118 /* msDrivers.c */ = {isa = PBXFileReference; fileEncoding = 30; lastKnownFileType = sourcecode.c.c; path = msDrivers.c; sourceTree = SOURCE_ROOT; };
		F72817510206AC2D01053118 /* msDrivers.r */ = {isa = PBXFileReference; fileEncoding = 30; lastKnownFileType = sourcecode.rez; path = msDrivers.r; sourceTree = SOURCE_ROOT; };
		F72817520206AC2D01053118 /* msDrvAppl.c */ = {isa = PBXFileReference; fileEncoding = 30; lastKnownFileType = sourcecode.c.c; path = msDrvAppl.c; sourceTree = SOURCE_ROOT; };
		F75041100207042D01053118 /* states.c */ = {isa = PBXFileReference; fileEncoding = 30; lastKnownFileType = sourcecode.c.c; name = states.c; path = ../lib/states.c; sourceTree = SOURCE_ROOT; };
		F7504113020708BE01053118 /* profport.c */ = {isa = PBXFileReference; fileEncoding = 30; lastKnownFileType = sourcecode.c.c; name = profport.c; path = ../../../lib/profport.c; sourceTree = SOURCE_ROOT; };
/* End PBXFileReference section */

/* Begin PBXFrameworksBuildPhase section */
		4BB41E5209ED417D00EE9367 /* Frameworks */ = {
			isa = PBXFrameworksBuildPhase;
			buildActionMask = 2147483647;
			files = (
				4BB41E5309ED417D00EE9367 /* Carbon.framework in Frameworks */,
				D36738E2124CE798006AB177 /* MidiShare.framework in Frameworks */,
			);
			runOnlyForDeploymentPostprocessing = 0;
		};
/* End PBXFrameworksBuildPhase section */

/* Begin PBXGroup section */
		195DF8C9FE9D4F0611CA2CBB /* Products */ = {
			isa = PBXGroup;
			children = (
				4BB41E5C09ED417D00EE9367 /* msDrivers.app */,
			);
			name = Products;
			sourceTree = "<group>";
		};
		20286C29FDCF999611CA2CEA /* ¬´PROJECTNAME¬ª */ = {
			isa = PBXGroup;
			children = (
				D3EE809C05BC06E000FE2FFB /* versions.txt */,
				20286C2AFDCF999611CA2CEA /* Sources */,
				20286C2CFDCF999611CA2CEA /* Resources */,
				20286C32FDCF999611CA2CEA /* External Frameworks and Libraries */,
				195DF8C9FE9D4F0611CA2CBB /* Products */,
				4BDE3A6709EE9D9D0009E823 /* Info-msDrivers.plist */,
				D36738E1124CE798006AB177 /* MidiShare.framework */,
			);
			name = "¬´PROJECTNAME¬ª";
			sourceTree = "<group>";
		};
		20286C2AFDCF999611CA2CEA /* Sources */ = {
			isa = PBXGroup;
			children = (
				F72817500206AC2D01053118 /* msDrivers.c */,
				F72817520206AC2D01053118 /* msDrvAppl.c */,
				F75041100207042D01053118 /* states.c */,
				F7504113020708BE01053118 /* profport.c */,
			);
			name = Sources;
			sourceTree = "<group>";
		};
		20286C2CFDCF999611CA2CEA /* Resources */ = {
			isa = PBXGroup;
			children = (
				F72817510206AC2D01053118 /* msDrivers.r */,
				0867D6AAFE840B52C02AAC07 /* InfoPlist.strings */,
				D3F581810507341900053103 /* msDrivers.icns */,
			);
			name = Resources;
			sourceTree = "<group>";
		};
		20286C32FDCF999611CA2CEA /* External Frameworks and Libraries */ = {
			isa = PBXGroup;
			children = (
				20286C33FDCF999611CA2CEA /* Carbon.framework */,
				0640BAA4FFF0323A11CA0E50 /* ApplicationServices.framework */,
				0640BAA5FFF0323A11CA0E50 /* CoreServices.framework */,
			);
			name = "External Frameworks and Libraries";
			sourceTree = "<group>";
		};
/* End PBXGroup section */

/* Begin PBXHeadersBuildPhase section */
		4BB41E4809ED417D00EE9367 /* Headers */ = {
			isa = PBXHeadersBuildPhase;
			buildActionMask = 2147483647;
			files = (
			);
			runOnlyForDeploymentPostprocessing = 0;
		};
/* End PBXHeadersBuildPhase section */

/* Begin PBXNativeTarget section */
		4BB41E4709ED417D00EE9367 /* msDrivers Universal */ = {
			isa = PBXNativeTarget;
			buildConfigurationList = 4BB41E5709ED417D00EE9367 /* Build configuration list for PBXNativeTarget "msDrivers Universal" */;
			buildPhases = (
				4BB41E4809ED417D00EE9367 /* Headers */,
				4BB41E4909ED417D00EE9367 /* Resources */,
				4BB41E4D09ED417D00EE9367 /* Sources */,
				4BB41E5209ED417D00EE9367 /* Frameworks */,
				4BB41E5509ED417D00EE9367 /* Rez */,
			);
			buildRules = (
			);
			dependencies = (
			);
			name = "msDrivers Universal";
			productInstallPath = "$(HOME)/Applications";
			productName = "¬´PROJECTNAME¬ª";
			productReference = 4BB41E5C09ED417D00EE9367 /* msDrivers.app */;
			productType = "com.apple.product-type.application";
		};
/* End PBXNativeTarget section */

/* Begin PBXProject section */
		20286C28FDCF999611CA2CEA /* Project object */ = {
			isa = PBXProject;
			attributes = {
			};
			buildConfigurationList = 4BB41E6209ED417D00EE9367 /* Build configuration list for PBXProject "msDrivers" */;
			compatibilityVersion = "Xcode 2.4";
			developmentRegion = English;
			hasScannedForEncodings = 1;
			knownRegions = (
				English,
				Japanese,
				French,
				German,
			);
			mainGroup = 20286C29FDCF999611CA2CEA /* ¬´PROJECTNAME¬ª */;
			projectDirPath = "";
			projectRoot = "";
			targets = (
				4BB41E4709ED417D00EE9367 /* msDrivers Universal */,
			);
		};
/* End PBXProject section */

/* Begin PBXResourcesBuildPhase section */
		4BB41E4909ED417D00EE9367 /* Resources */ = {
			isa = PBXResourcesBuildPhase;
			buildActionMask = 2147483647;
			files = (
				4BB41E4A09ED417D00EE9367 /* InfoPlist.strings in Resources */,
				4BB41E4B09ED417D00EE9367 /* msDrivers.icns in Resources */,
				4BB41E4C09ED417D00EE9367 /* versions.txt in Resources */,
				4BDE3A6809EE9D9D0009E823 /* Info-msDrivers.plist in Resources */,
			);
			runOnlyForDeploymentPostprocessing = 0;
		};
/* End PBXResourcesBuildPhase section */

/* Begin PBXRezBuildPhase section */
		4BB41E5509ED417D00EE9367 /* Rez */ = {
			isa = PBXRezBuildPhase;
			buildActionMask = 2147483647;
			files = (
				4BB41E5609ED417D00EE9367 /* msDrivers.r in Rez */,
			);
			runOnlyForDeploymentPostprocessing = 0;
		};
/* End PBXRezBuildPhase section */

/* Begin PBXSourcesBuildPhase section */
		4BB41E4D09ED417D00EE9367 /* Sources */ = {
			isa = PBXSourcesBuildPhase;
			buildActionMask = 2147483647;
			files = (
				4BB41E4E09ED417D00EE9367 /* msDrivers.c in Sources */,
				4BB41E4F09ED417D00EE9367 /* msDrvAppl.c in Sources */,
				4BB41E5009ED417D00EE9367 /* profport.c in Sources */,
				4BB41E5109ED417D00EE9367 /* states.c in Sources */,
			);
			runOnlyForDeploymentPostprocessing = 0;
		};
/* End PBXSourcesBuildPhase section */

/* Begin PBXVariantGroup section */
		0867D6AAFE840B52C02AAC07 /* InfoPlist.strings */ = {
			isa = PBXVariantGroup;
			children = (
				0867D6ABFE840B52C02AAC07 /* English */,
			);
			name = InfoPlist.strings;
			sourceTree = "<group>";
		};
/* End PBXVariantGroup section */

/* Begin XCBuildConfiguration section */
		4BB41E5809ED417D00EE9367 /* Development */ = {
			isa = XCBuildConfiguration;
			buildSettings = {
				ARCHS = (
					x86_64,
					i386,
				);
				COPY_PHASE_STRIP = NO;
				FRAMEWORK_SEARCH_PATHS = (
					"$(inherited)",
					"$(FRAMEWORK_SEARCH_PATHS_QUOTED_1)",
					"$(FRAMEWORK_SEARCH_PATHS_QUOTED_2)",
					"$(FRAMEWORK_SEARCH_PATHS_QUOTED_FOR_TARGET_1)",
				);
				FRAMEWORK_SEARCH_PATHS_QUOTED_1 = "\"$(SRCROOT)/../../build/Deployment\"";
				FRAMEWORK_SEARCH_PATHS_QUOTED_2 = "\"$(SRCROOT)/../../build/Deployment\"";
				FRAMEWORK_SEARCH_PATHS_QUOTED_FOR_TARGET_1 = "\"$(SRCROOT)/../../../cmake/Release\"";
				GCC_DYNAMIC_NO_PIC = NO;
				GCC_ENABLE_FIX_AND_CONTINUE = YES;
				GCC_GENERATE_DEBUGGING_SYMBOLS = NO;
				GCC_OPTIMIZATION_LEVEL = 0;
				HEADER_SEARCH_PATHS = (
					../../../include,
					../../../lib,
				);
				INFOPLIST_FILE = "Info-msDrivers.plist";
				INSTALL_PATH = "$(HOME)/Applications";
				LIBRARY_SEARCH_PATHS = "";
				OTHER_CFLAGS = "";
				OTHER_REZFLAGS = "";
				PREBINDING = NO;
				PRODUCT_NAME = msDrivers;
				SDKROOT = macosx10.8;
				SECTORDER_FLAGS = "";
				USER_HEADER_SEARCH_PATHS = "";
				WARNING_CFLAGS = (
					"-Wmost",
					"-Wno-four-char-constants",
					"-Wno-unknown-pragmas",
				);
				WRAPPER_EXTENSION = app;
				ZERO_LINK = YES;
			};
			name = Development;
		};
		4BB41E5909ED417D00EE9367 /* Deployment */ = {
			isa = XCBuildConfiguration;
			buildSettings = {
				ARCHS = (
					x86_64,
					i386,
				);
				COPY_PHASE_STRIP = YES;
				FRAMEWORK_SEARCH_PATHS = (
					"$(inherited)",
					"$(FRAMEWORK_SEARCH_PATHS_QUOTED_1)",
					"$(FRAMEWORK_SEARCH_PATHS_QUOTED_2)",
					"$(FRAMEWORK_SEARCH_PATHS_QUOTED_FOR_TARGET_1)",
				);
				FRAMEWORK_SEARCH_PATHS_QUOTED_1 = "\"$(SRCROOT)/../../build/Deployment\"";
				FRAMEWORK_SEARCH_PATHS_QUOTED_2 = "\"$(SRCROOT)/../../build/Deployment\"";
				FRAMEWORK_SEARCH_PATHS_QUOTED_FOR_TARGET_1 = "\"$(SRCROOT)/../../../cmake/Release\"";
				GCC_ENABLE_FIX_AND_CONTINUE = NO;
				GCC_GENERATE_DEBUGGING_SYMBOLS = NO;
				GCC_OPTIMIZATION_LEVEL = 3;
				HEADER_SEARCH_PATHS = (
					../../../include,
					../../../lib,
				);
				INFOPLIST_FILE = "Info-msDrivers.plist";
				INSTALL_PATH = "$(HOME)/Applications";
				LIBRARY_SEARCH_PATHS = "";
				OTHER_CFLAGS = "";
				OTHER_REZFLAGS = "";
				PREBINDING = NO;
				PRODUCT_NAME = msDrivers;
				SDKROOT = macosx10.8;
				SECTORDER_FLAGS = "";
				USER_HEADER_SEARCH_PATHS = "";
				WARNING_CFLAGS = (
					"-Wmost",
					"-Wno-four-char-constants",
					"-Wno-unknown-pragmas",
				);
				WRAPPER_EXTENSION = app;
				ZERO_LINK = NO;
			};
			name = Deployment;
		};
		4BB41E5A09ED417D00EE9367 /* Default */ = {
			isa = XCBuildConfiguration;
			buildSettings = {
				ARCHS = (
					x86_64,
					i386,
				);
				FRAMEWORK_SEARCH_PATHS = (
					"$(inherited)",
					"$(FRAMEWORK_SEARCH_PATHS_QUOTED_1)",
					"$(FRAMEWORK_SEARCH_PATHS_QUOTED_2)",
					"$(FRAMEWORK_SEARCH_PATHS_QUOTED_FOR_TARGET_1)",
				);
				FRAMEWORK_SEARCH_PATHS_QUOTED_1 = "\"$(SRCROOT)/../../build/Deployment\"";
				FRAMEWORK_SEARCH_PATHS_QUOTED_2 = "\"$(SRCROOT)/../../build/Deployment\"";
				FRAMEWORK_SEARCH_PATHS_QUOTED_FOR_TARGET_1 = "\"$(SRCROOT)/../../../cmake/Release\"";
				GCC_GENERATE_DEBUGGING_SYMBOLS = NO;
				GCC_OPTIMIZATION_LEVEL = 3;
				HEADER_SEARCH_PATHS = (
					../../../include,
					../../../lib,
				);
				INFOPLIST_FILE = "Info-msDrivers.plist";
				INSTALL_PATH = "$(HOME)/Applications";
				LIBRARY_SEARCH_PATHS = "";
				OTHER_CFLAGS = "";
				OTHER_REZFLAGS = "";
				PREBINDING = NO;
				PRODUCT_NAME = msDrivers;
				SDKROOT = macosx10.8;
				SECTORDER_FLAGS = "";
				USER_HEADER_SEARCH_PATHS = "";
				WARNING_CFLAGS = (
					"-Wmost",
					"-Wno-four-char-constants",
					"-Wno-unknown-pragmas",
				);
				WRAPPER_EXTENSION = app;
			};
			name = Default;
		};
		4BB41E6309ED417D00EE9367 /* Development */ = {
			isa = XCBuildConfiguration;
			buildSettings = {
				ARCHS = (
					ppc,
					i386,
				);
				SDKROOT = /Developer/SDKs/MacOSX10.4u.sdk;
			};
			name = Development;
		};
		4BB41E6409ED417D00EE9367 /* Deployment */ = {
			isa = XCBuildConfiguration;
			buildSettings = {
				ARCHS = (
					ppc,
					i386,
				);
				SDKROOT = /Developer/SDKs/MacOSX10.4u.sdk;
			};
			name = Deployment;
		};
		4BB41E6509ED417D00EE9367 /* Default */ = {
			isa = XCBuildConfiguration;
			buildSettings = {
				ARCHS = (
					ppc,
					i386,
				);
				SDKROOT = /Developer/SDKs/MacOSX10.4u.sdk;
			};
			name = Default;
		};
/* End XCBuildConfiguration section */

/* Begin XCConfigurationList section */
		4BB41E5709ED417D00EE9367 /* Build configuration list for PBXNativeTarget "msDrivers Universal" */ = {
			isa = XCConfigurationList;
			buildConfigurations = (
				4BB41E5809ED417D00EE9367 /* Development */,
				4BB41E5909ED417D00EE9367 /* Deployment */,
				4BB41E5A09ED417D00EE9367 /* Default */,
			);
			defaultConfigurationIsVisible = 0;
			defaultConfigurationName = Default;
		};
		4BB41E6209ED417D00EE9367 /* Build configuration list for PBXProject "msDrivers" */ = {
			isa = XCConfigurationList;
			buildConfigurations = (
				4BB41E6309ED417D00EE9367 /* Development */,
				4BB41E6409ED417D00EE9367 /* Deployment */,
				4BB41E6509ED417D00EE9367 /* Default */,
			);
			defaultConfigurationIsVisible = 0;
			defaultConfigurationName = Default;
		};
/* End XCConfigurationList section */
	};
	rootObject = 20286C28FDCF999611CA2CEA /* Project object */;
}
