// !$*UTF8*$!
{
	archiveVersion = 1;
	classes = {
	};
	objectVersion = 39;
	objects = {
		01205B2801560F457F000001 = {
			isa = PBXFileReference;
			lastKnownFileType = wrapper.framework;
			name = JavaVM.framework;
			path = /System/Library/Frameworks/JavaVM.framework;
			refType = 0;
			sourceTree = "<absolute>";
		};
		01205B34015611757F000001 = {
			explicitFileType = "compiled.mach-o.dylib";
			isa = PBXFileReference;
			path = libJPlayer.1.1.1.jnilib;
			refType = 3;
			sourceTree = BUILT_PRODUCTS_DIR;
		};
		01205B35015611757F000001 = {
			buildPhases = (
				01205B36015611757F000001,
				1A22E0970156146F7F000001,
				01205B37015611757F000001,
				01205B3B015611757F000001,
				01205B3C015611757F000001,
			);
			buildSettings = {
				HEADER_SEARCH_PATHS = /System/Library/Frameworks/JavaVM.framework/Headers/;
				LIBRARY_STYLE = BUNDLE;
				OPTIMIZATION_CFLAGS = "-O3";
				OTHER_CFLAGS = "";
				OTHER_LDFLAGS = "-framework MidiShare ";
				OTHER_LIBTOOL_FLAGS = "";
				OTHER_REZFLAGS = "";
				PREFIX_HEADER = MyPrecompPPC.h;
				PRODUCT_NAME = libJPlayer.1.1.1.jnilib;
				REZ_EXECUTABLE = YES;
				SECTORDER_FLAGS = "";
				WARNING_CFLAGS = "-Wmost -Wno-four-char-constants -Wno-unknown-pragmas";
			};
			dependencies = (
			);
			isa = PBXLibraryTarget;
			name = libJPlayer.jnilib;
			productInstallPath = /usr/local/lib;
			productName = libJFaust.jnilib;
			productReference = 01205B34015611757F000001;
		};
		01205B36015611757F000001 = {
			buildActionMask = 2147483647;
			files = (
				F5BE677703EAD9F901053105,
			);
			isa = PBXHeadersBuildPhase;
			runOnlyForDeploymentPostprocessing = 0;
		};
		01205B37015611757F000001 = {
			buildActionMask = 2147483647;
			files = (
				F53C10A60208445201053105,
			);
			isa = PBXSourcesBuildPhase;
			runOnlyForDeploymentPostprocessing = 0;
		};
		01205B3B015611757F000001 = {
			buildActionMask = 2147483647;
			files = (
				01205B3D0156118E7F000001,
				F5BE677503EAD97F01053105,
			);
			isa = PBXFrameworksBuildPhase;
			runOnlyForDeploymentPostprocessing = 0;
		};
		01205B3C015611757F000001 = {
			buildActionMask = 2147483647;
			files = (
			);
			isa = PBXRezBuildPhase;
			runOnlyForDeploymentPostprocessing = 0;
		};
		01205B3D0156118E7F000001 = {
			fileRef = 01205B2801560F457F000001;
			isa = PBXBuildFile;
			settings = {
			};
		};
		01F12F4CFEC8CE2211DB9C8B = {
			buildSettings = {
			};
			buildStyles = (
				0E20B662001FAFA711DB9C8B,
				0E20B663001FAFA711DB9C8B,
			);
			hasScannedForEncodings = 1;
			isa = PBXProject;
			mainGroup = 01F12F4DFEC8CE2211DB9C8B;
			productRefGroup = 01F12F4FFEC8CEF111DB9C8B;
			projectDirPath = "";
			targets = (
				01205B35015611757F000001,
			);
		};
		01F12F4DFEC8CE2211DB9C8B = {
			children = (
				F53C10A50208445201053105,
				01F12F4FFEC8CEF111DB9C8B,
				01205B2801560F457F000001,
				F5BE677003EAD97F01053105,
				F5BE677603EAD9F901053105,
			);
			isa = PBXGroup;
			refType = 4;
			sourceTree = "<group>";
		};
		01F12F4FFEC8CEF111DB9C8B = {
			children = (
				01205B34015611757F000001,
			);
			isa = PBXGroup;
			name = Products;
			refType = 4;
			sourceTree = "<group>";
		};
//010
//011
//012
//013
//014
//0E0
//0E1
//0E2
//0E3
//0E4
		0E20B662001FAFA711DB9C8B = {
			buildSettings = {
				COPY_PHASE_STRIP = NO;
				GCC_DYNAMIC_NO_PIC = NO;
				GCC_ENABLE_FIX_AND_CONTINUE = YES;
				GCC_GENERATE_DEBUGGING_SYMBOLS = YES;
				GCC_OPTIMIZATION_LEVEL = 0;
				ZERO_LINK = YES;
			};
			isa = PBXBuildStyle;
			name = Development;
		};
		0E20B663001FAFA711DB9C8B = {
			buildSettings = {
				COPY_PHASE_STRIP = YES;
				GCC_ENABLE_FIX_AND_CONTINUE = NO;
				ZERO_LINK = NO;
			};
			isa = PBXBuildStyle;
			name = Deployment;
		};
//0E0
//0E1
//0E2
//0E3
//0E4
//1A0
//1A1
//1A2
//1A3
//1A4
		1A22E0970156146F7F000001 = {
			buildActionMask = 12;
			files = (
			);
			isa = PBXShellScriptBuildPhase;
			runOnlyForDeploymentPostprocessing = 0;
			shellPath = /bin/sh;
			shellScript = "";
		};
//1A0
//1A1
//1A2
//1A3
//1A4
//F50
//F51
//F52
//F53
//F54
		F53C10A50208445201053105 = {
			fileEncoding = 30;
			isa = PBXFileReference;
			lastKnownFileType = sourcecode.c.c;
			name = MidiPlayer.c;
			path = ../../src/Java/MidiPlayer.c;
			refType = 2;
			sourceTree = SOURCE_ROOT;
		};
		F53C10A60208445201053105 = {
			fileRef = F53C10A50208445201053105;
			isa = PBXBuildFile;
			settings = {
			};
		};
		F5BE677003EAD97F01053105 = {
			isa = PBXFileReference;
			lastKnownFileType = wrapper.framework;
			name = Player.framework;
			path = /System/Library/Frameworks/Player.framework;
			refType = 0;
			sourceTree = "<absolute>";
		};
		F5BE677503EAD97F01053105 = {
			fileRef = F5BE677003EAD97F01053105;
			isa = PBXBuildFile;
			settings = {
			};
		};
		F5BE677603EAD9F901053105 = {
			fileEncoding = 30;
			isa = PBXFileReference;
			lastKnownFileType = sourcecode.c.h;
			name = Player.h;
			path = /System/Library/Frameworks/Player.framework/Headers/Player.h;
			refType = 0;
			sourceTree = "<absolute>";
		};
		F5BE677703EAD9F901053105 = {
			fileRef = F5BE677603EAD9F901053105;
			isa = PBXBuildFile;
			settings = {
			};
		};
	};
	rootObject = 01F12F4CFEC8CE2211DB9C8B;
}
