// !$*UTF8*$!
{
	archiveVersion = 1;
	classes = {
	};
	objectVersion = 39;
	objects = {
		0249A665FF388DC511CA2CEA = {
			explicitFileType = wrapper.application;
			fallbackIsa = PBXFileReference;
			isa = PBXApplicationReference;
			path = msDrivers.app;
			refType = 3;
			sourceTree = BUILT_PRODUCTS_DIR;
		};
		0249A669FF388E3911CA2CEA = {
			isa = PBXFileReference;
			lastKnownFileType = archive.ar;
			name = "libstdc++.a";
			path = "/usr/lib/libstdc++.a";
			refType = 0;
			sourceTree = "<absolute>";
		};
//020
//021
//022
//023
//024
//040
//041
//042
//043
//044
		04313892FE3035C9C02AAC07 = {
			buildActionMask = 2147483647;
			files = (
				F728175A0206AC2D01053118,
			);
			isa = PBXRezBuildPhase;
			runOnlyForDeploymentPostprocessing = 0;
		};
//040
//041
//042
//043
//044
//050
//051
//052
//053
//054
		05952DFCFFF02D1B11CA0E50 = {
			buildRules = (
			);
			buildSettings = {
				COPY_PHASE_STRIP = NO;
				GCC_DYNAMIC_NO_PIC = NO;
				GCC_ENABLE_FIX_AND_CONTINUE = YES;
				GCC_GENERATE_DEBUGGING_SYMBOLS = YES;
				GCC_OPTIMIZATION_LEVEL = 0;
				OPTIMIZATION_CFLAGS = "-O0";
				ZERO_LINK = YES;
			};
			isa = PBXBuildStyle;
			name = Development;
		};
		05952DFDFFF02D1B11CA0E50 = {
			buildRules = (
			);
			buildSettings = {
				COPY_PHASE_STRIP = YES;
				GCC_ENABLE_FIX_AND_CONTINUE = NO;
				ZERO_LINK = NO;
			};
			isa = PBXBuildStyle;
			name = Deployment;
		};
//050
//051
//052
//053
//054
//060
//061
//062
//063
//064
		0640BAA4FFF0323A11CA0E50 = {
			fallbackIsa = PBXFileReference;
			isa = PBXFrameworkReference;
			lastKnownFileType = wrapper.framework;
			name = ApplicationServices.framework;
			path = /System/Library/Frameworks/ApplicationServices.framework;
			refType = 0;
			sourceTree = "<absolute>";
		};
		0640BAA5FFF0323A11CA0E50 = {
			fallbackIsa = PBXFileReference;
			isa = PBXFrameworkReference;
			lastKnownFileType = wrapper.framework;
			name = CoreServices.framework;
			path = /System/Library/Frameworks/CoreServices.framework;
			refType = 0;
			sourceTree = "<absolute>";
		};
//060
//061
//062
//063
//064
//080
//081
//082
//083
//084
		0867D6AAFE840B52C02AAC07 = {
			children = (
				0867D6ABFE840B52C02AAC07,
			);
			isa = PBXVariantGroup;
			name = InfoPlist.strings;
			refType = 4;
			sourceTree = "<group>";
		};
		0867D6ABFE840B52C02AAC07 = {
			fileEncoding = 10;
			isa = PBXFileReference;
			lastKnownFileType = text.plist.strings;
			name = English;
			path = English.lproj/InfoPlist.strings;
			refType = 4;
			sourceTree = "<group>";
		};
		0867D6ACFE840B52C02AAC07 = {
			fileRef = 0867D6AAFE840B52C02AAC07;
			isa = PBXBuildFile;
			settings = {
			};
		};
//080
//081
//082
//083
//084
//190
//191
//192
//193
//194
		195DF8C9FE9D4F0611CA2CBB = {
			children = (
				0249A665FF388DC511CA2CEA,
				D354A79605BE8681006B0B2F,
			);
			isa = PBXGroup;
			name = Products;
			refType = 4;
			sourceTree = "<group>";
		};
//190
//191
//192
//193
//194
//200
//201
//202
//203
//204
		20286C28FDCF999611CA2CEA = {
			buildSettings = {
			};
			buildStyles = (
				05952DFCFFF02D1B11CA0E50,
				05952DFDFFF02D1B11CA0E50,
			);
			hasScannedForEncodings = 1;
			isa = PBXProject;
			mainGroup = 20286C29FDCF999611CA2CEA;
			projectDirPath = "";
			targets = (
				20286C34FDCF999611CA2CEA,
				D354A78605BE8681006B0B2F,
			);
		};
		20286C29FDCF999611CA2CEA = {
			children = (
				D3EE809C05BC06E000FE2FFB,
				20286C2AFDCF999611CA2CEA,
				20286C2CFDCF999611CA2CEA,
				20286C32FDCF999611CA2CEA,
				195DF8C9FE9D4F0611CA2CBB,
			);
			isa = PBXGroup;
			name = "¬´PROJECTNAME¬ª";
			path = "";
			refType = 4;
			sourceTree = "<group>";
		};
		20286C2AFDCF999611CA2CEA = {
			children = (
				F72817500206AC2D01053118,
				F72817520206AC2D01053118,
				F75041100207042D01053118,
				F7504113020708BE01053118,
			);
			isa = PBXGroup;
			name = Sources;
			path = "";
			refType = 4;
			sourceTree = "<group>";
		};
		20286C2CFDCF999611CA2CEA = {
			children = (
				F72817510206AC2D01053118,
				0867D6AAFE840B52C02AAC07,
				D3F581810507341900053103,
			);
			isa = PBXGroup;
			name = Resources;
			path = "";
			refType = 4;
			sourceTree = "<group>";
		};
		20286C32FDCF999611CA2CEA = {
			children = (
				D354A79E05BE8696006B0B2F,
				D3658A4805BD260600DFCB64,
				20286C33FDCF999611CA2CEA,
				0249A669FF388E3911CA2CEA,
				0640BAA4FFF0323A11CA0E50,
				0640BAA5FFF0323A11CA0E50,
			);
			isa = PBXGroup;
			name = "External Frameworks and Libraries";
			path = "";
			refType = 4;
			sourceTree = "<group>";
		};
		20286C33FDCF999611CA2CEA = {
			fallbackIsa = PBXFileReference;
			isa = PBXFrameworkReference;
			lastKnownFileType = wrapper.framework;
			name = Carbon.framework;
			path = /System/Library/Frameworks/Carbon.framework;
			refType = 0;
			sourceTree = "<absolute>";
		};
		20286C34FDCF999611CA2CEA = {
			buildPhases = (
				20286C35FDCF999611CA2CEA,
				20286C36FDCF999611CA2CEA,
				20286C38FDCF999611CA2CEA,
				20286C3BFDCF999611CA2CEA,
				04313892FE3035C9C02AAC07,
			);
			buildSettings = {
				DEBUGGING_SYMBOLS = NO;
				FRAMEWORK_SEARCH_PATHS = "/Users/fober/src/midishare/dev/macosx-mono/build";
				HEADER_SEARCH_PATHS = ../../../lib;
				INSTALL_PATH = "$(HOME)/Applications";
				LIBRARY_SEARCH_PATHS = "";
				OPTIMIZATION_CFLAGS = "-O3";
				OTHER_CFLAGS = "";
				OTHER_REZFLAGS = "";
				PREBINDING = NO;
				PRODUCT_NAME = msDrivers;
				SECTORDER_FLAGS = "";
				WARNING_CFLAGS = "-Wmost -Wno-four-char-constants -Wno-unknown-pragmas";
				WRAPPER_EXTENSION = app;
			};
			dependencies = (
			);
			isa = PBXApplicationTarget;
			name = msDrivers;
			productInstallPath = "$(HOME)/Applications";
			productName = "¬´PROJECTNAME¬ª";
			productReference = 0249A665FF388DC511CA2CEA;
			productSettingsXML = "<?xml version=\"1.0\" encoding=\"UTF-8\"?>
<!DOCTYPE plist PUBLIC \"-//Apple Computer//DTD PLIST 1.0//EN\" \"http://www.apple.com/DTDs/PropertyList-1.0.dtd\">
<plist version=\"1.0\">
<dict>
	<key>CFBundleDevelopmentRegion</key>
	<string>English</string>
	<key>CFBundleExecutable</key>
	<string>msDrivers</string>
	<key>CFBundleGetInfoString</key>
	<string>v.1.3 © Grame 2003</string>
	<key>CFBundleIconFile</key>
	<string>msDrivers.icns</string>
	<key>CFBundleInfoDictionaryVersion</key>
	<string>6.0</string>
	<key>CFBundleName</key>
	<string>msDrivers</string>
	<key>CFBundlePackageType</key>
	<string>APPL</string>
	<key>CFBundleShortVersionString</key>
	<string>v. 1.3</string>
	<key>CFBundleSignature</key>
	<string>SlCt</string>
	<key>CFBundleVersion</key>
	<string>1.3</string>
	<key>CSResourcesFileMapped</key>
	<true/>
</dict>
</plist>
";
		};
		20286C35FDCF999611CA2CEA = {
			buildActionMask = 2147483647;
			files = (
			);
			isa = PBXHeadersBuildPhase;
			runOnlyForDeploymentPostprocessing = 0;
		};
		20286C36FDCF999611CA2CEA = {
			buildActionMask = 2147483647;
			files = (
				0867D6ACFE840B52C02AAC07,
				D3F581820507341900053103,
				D3EE809D05BC06E000FE2FFB,
			);
			isa = PBXResourcesBuildPhase;
			runOnlyForDeploymentPostprocessing = 0;
		};
		20286C38FDCF999611CA2CEA = {
			buildActionMask = 2147483647;
			files = (
				F72817570206AC2D01053118,
				F72817580206AC2D01053118,
				F721C9E10208216001053118,
				F721C9E20208216001053118,
			);
			isa = PBXSourcesBuildPhase;
			runOnlyForDeploymentPostprocessing = 0;
		};
		20286C3BFDCF999611CA2CEA = {
			buildActionMask = 2147483647;
			files = (
				20286C3CFDCF999611CA2CEA,
				D3658A4905BD260600DFCB64,
			);
			isa = PBXFrameworksBuildPhase;
			runOnlyForDeploymentPostprocessing = 0;
		};
		20286C3CFDCF999611CA2CEA = {
			fileRef = 20286C33FDCF999611CA2CEA;
			isa = PBXBuildFile;
			settings = {
			};
		};
//200
//201
//202
//203
//204
//D30
//D31
//D32
//D33
//D34
		D354A78605BE8681006B0B2F = {
			buildPhases = (
				D354A78705BE8681006B0B2F,
				D354A78805BE8681006B0B2F,
				D354A78C05BE8681006B0B2F,
				D354A79105BE8681006B0B2F,
				D354A79405BE8681006B0B2F,
			);
			buildSettings = {
				DEBUGGING_SYMBOLS = NO;
				FRAMEWORK_SEARCH_PATHS = "/Users/fober/src/midishare/dev/macosx-mono/build";
				HEADER_SEARCH_PATHS = ../../../lib;
				INSTALL_PATH = "$(HOME)/Applications";
				LIBRARY_SEARCH_PATHS = "";
				OPTIMIZATION_CFLAGS = "-O3";
				OTHER_CFLAGS = "";
				OTHER_REZFLAGS = "";
				PREBINDING = NO;
				PRODUCT_NAME = msDrivers;
				SECTORDER_FLAGS = "";
				WARNING_CFLAGS = "-Wmost -Wno-four-char-constants -Wno-unknown-pragmas";
				WRAPPER_EXTENSION = app;
			};
			dependencies = (
			);
			isa = PBXApplicationTarget;
			name = "msDrivers dev";
			productInstallPath = "$(HOME)/Applications";
			productName = "¬´PROJECTNAME¬ª";
			productReference = D354A79605BE8681006B0B2F;
			productSettingsXML = "<?xml version=\"1.0\" encoding=\"UTF-8\"?>
<!DOCTYPE plist PUBLIC \"-//Apple Computer//DTD PLIST 1.0//EN\" \"http://www.apple.com/DTDs/PropertyList-1.0.dtd\">
<plist version=\"1.0\">
<dict>
	<key>CFBundleDevelopmentRegion</key>
	<string>English</string>
	<key>CFBundleExecutable</key>
	<string>msDrivers</string>
	<key>CFBundleGetInfoString</key>
	<string>v.1.3 © Grame 2003</string>
	<key>CFBundleIconFile</key>
	<string>msDrivers.icns</string>
	<key>CFBundleInfoDictionaryVersion</key>
	<string>6.0</string>
	<key>CFBundleName</key>
	<string>msDrivers</string>
	<key>CFBundlePackageType</key>
	<string>APPL</string>
	<key>CFBundleShortVersionString</key>
	<string>v. 1.3</string>
	<key>CFBundleSignature</key>
	<string>SlCt</string>
	<key>CFBundleVersion</key>
	<string>1.3</string>
	<key>CSResourcesFileMapped</key>
	<true/>
</dict>
</plist>
";
		};
		D354A78705BE8681006B0B2F = {
			buildActionMask = 2147483647;
			files = (
			);
			isa = PBXHeadersBuildPhase;
			runOnlyForDeploymentPostprocessing = 0;
		};
		D354A78805BE8681006B0B2F = {
			buildActionMask = 2147483647;
			files = (
				D354A78905BE8681006B0B2F,
				D354A78A05BE8681006B0B2F,
				D354A78B05BE8681006B0B2F,
			);
			isa = PBXResourcesBuildPhase;
			runOnlyForDeploymentPostprocessing = 0;
		};
		D354A78905BE8681006B0B2F = {
			fileRef = 0867D6AAFE840B52C02AAC07;
			isa = PBXBuildFile;
			settings = {
			};
		};
		D354A78A05BE8681006B0B2F = {
			fileRef = D3F581810507341900053103;
			isa = PBXBuildFile;
			settings = {
			};
		};
		D354A78B05BE8681006B0B2F = {
			fileRef = D3EE809C05BC06E000FE2FFB;
			isa = PBXBuildFile;
			settings = {
			};
		};
		D354A78C05BE8681006B0B2F = {
			buildActionMask = 2147483647;
			files = (
				D354A78D05BE8681006B0B2F,
				D354A78E05BE8681006B0B2F,
				D354A78F05BE8681006B0B2F,
				D354A79005BE8681006B0B2F,
			);
			isa = PBXSourcesBuildPhase;
			runOnlyForDeploymentPostprocessing = 0;
		};
		D354A78D05BE8681006B0B2F = {
			fileRef = F72817500206AC2D01053118;
			isa = PBXBuildFile;
			settings = {
			};
		};
		D354A78E05BE8681006B0B2F = {
			fileRef = F72817520206AC2D01053118;
			isa = PBXBuildFile;
			settings = {
			};
		};
		D354A78F05BE8681006B0B2F = {
			fileRef = F7504113020708BE01053118;
			isa = PBXBuildFile;
			settings = {
			};
		};
		D354A79005BE8681006B0B2F = {
			fileRef = F75041100207042D01053118;
			isa = PBXBuildFile;
			settings = {
			};
		};
		D354A79105BE8681006B0B2F = {
			buildActionMask = 2147483647;
			files = (
				D354A79205BE8681006B0B2F,
				D354A79F05BE8696006B0B2F,
			);
			isa = PBXFrameworksBuildPhase;
			runOnlyForDeploymentPostprocessing = 0;
		};
		D354A79205BE8681006B0B2F = {
			fileRef = 20286C33FDCF999611CA2CEA;
			isa = PBXBuildFile;
			settings = {
			};
		};
		D354A79405BE8681006B0B2F = {
			buildActionMask = 2147483647;
			files = (
				D354A79505BE8681006B0B2F,
			);
			isa = PBXRezBuildPhase;
			runOnlyForDeploymentPostprocessing = 0;
		};
		D354A79505BE8681006B0B2F = {
			fileRef = F72817510206AC2D01053118;
			isa = PBXBuildFile;
			settings = {
			};
		};
		D354A79605BE8681006B0B2F = {
			explicitFileType = wrapper.application;
			includeInIndex = 0;
			isa = PBXFileReference;
			path = msDrivers.app;
			refType = 3;
			sourceTree = BUILT_PRODUCTS_DIR;
		};
		D354A79E05BE8696006B0B2F = {
			isa = PBXFileReference;
			lastKnownFileType = wrapper.framework;
			name = MidiShare.framework;
			path = ../../build/MidiShare.framework;
			refType = 2;
			sourceTree = SOURCE_ROOT;
		};
		D354A79F05BE8696006B0B2F = {
			fileRef = D354A79E05BE8696006B0B2F;
			isa = PBXBuildFile;
			settings = {
			};
		};
		D3658A4805BD260600DFCB64 = {
			isa = PBXFileReference;
			lastKnownFileType = wrapper.framework;
			name = MidiShare.framework;
			path = /System/Library/Frameworks/MidiShare.framework;
			refType = 0;
			sourceTree = "<absolute>";
		};
		D3658A4905BD260600DFCB64 = {
			fileRef = D3658A4805BD260600DFCB64;
			isa = PBXBuildFile;
			settings = {
			};
		};
		D3EE809C05BC06E000FE2FFB = {
			fileEncoding = 30;
			isa = PBXFileReference;
			lastKnownFileType = text;
			path = versions.txt;
			refType = 4;
			sourceTree = "<group>";
		};
		D3EE809D05BC06E000FE2FFB = {
			fileRef = D3EE809C05BC06E000FE2FFB;
			isa = PBXBuildFile;
			settings = {
			};
		};
		D3F581810507341900053103 = {
			isa = PBXFileReference;
			lastKnownFileType = image.icns;
			path = msDrivers.icns;
			refType = 2;
			sourceTree = SOURCE_ROOT;
		};
		D3F581820507341900053103 = {
			fileRef = D3F581810507341900053103;
			isa = PBXBuildFile;
			settings = {
			};
		};
//D30
//D31
//D32
//D33
//D34
//F70
//F71
//F72
//F73
//F74
		F721C9E10208216001053118 = {
			fileRef = F7504113020708BE01053118;
			isa = PBXBuildFile;
			settings = {
			};
		};
		F721C9E20208216001053118 = {
			fileRef = F75041100207042D01053118;
			isa = PBXBuildFile;
			settings = {
			};
		};
		F72817500206AC2D01053118 = {
			fileEncoding = 30;
			isa = PBXFileReference;
			lastKnownFileType = sourcecode.c.c;
			path = msDrivers.c;
			refType = 2;
			sourceTree = SOURCE_ROOT;
		};
		F72817510206AC2D01053118 = {
			fileEncoding = 30;
			isa = PBXFileReference;
			lastKnownFileType = sourcecode.rez;
			path = msDrivers.r;
			refType = 2;
			sourceTree = SOURCE_ROOT;
		};
		F72817520206AC2D01053118 = {
			fileEncoding = 30;
			isa = PBXFileReference;
			lastKnownFileType = sourcecode.c.c;
			path = msDrvAppl.c;
			refType = 2;
			sourceTree = SOURCE_ROOT;
		};
		F72817570206AC2D01053118 = {
			fileRef = F72817500206AC2D01053118;
			isa = PBXBuildFile;
			settings = {
			};
		};
		F72817580206AC2D01053118 = {
			fileRef = F72817520206AC2D01053118;
			isa = PBXBuildFile;
			settings = {
			};
		};
		F728175A0206AC2D01053118 = {
			fileRef = F72817510206AC2D01053118;
			isa = PBXBuildFile;
			settings = {
			};
		};
		F75041100207042D01053118 = {
			fileEncoding = 30;
			isa = PBXFileReference;
			lastKnownFileType = sourcecode.c.c;
			name = states.c;
			path = ../lib/states.c;
			refType = 2;
			sourceTree = SOURCE_ROOT;
		};
		F7504113020708BE01053118 = {
			fileEncoding = 30;
			isa = PBXFileReference;
			lastKnownFileType = sourcecode.c.c;
			name = profport.c;
			path = ../../../lib/profport.c;
			refType = 2;
			sourceTree = SOURCE_ROOT;
		};
	};
	rootObject = 20286C28FDCF999611CA2CEA;
}
