// !$*UTF8*$!
{
	archiveVersion = 1;
	classes = {
	};
	objectVersion = 34;
	objects = {
		01205B2801560F457F000001 = {
			isa = PBXFrameworkReference;
			name = JavaVM.framework;
			path = /System/Library/Frameworks/JavaVM.framework;
			refType = 0;
		};
		01205B34015611757F000001 = {
			isa = PBXLibraryReference;
			path = libJMidi.1.0.9.jnilib;
			refType = 3;
		};
		01205B35015611757F000001 = {
			buildPhases = (
				01205B36015611757F000001,
				1A22E0970156146F7F000001,
				01205B37015611757F000001,
				01205B3B015611757F000001,
				01205B3C015611757F000001,
			);
			buildSettings = {
				HEADER_SEARCH_PATHS = /System/Library/Frameworks/JavaVM.framework/Headers/;
				IMPLICITLY_INCLUDED_HEADERS = jniheader.h;
				LIBRARY_STYLE = BUNDLE;
				OPTIMIZATION_CFLAGS = "-O3";
				OTHER_CFLAGS = "";
				OTHER_LDFLAGS = "-lMidiShare";
				OTHER_LIBTOOL_FLAGS = "";
				OTHER_REZFLAGS = "";
				PREBINDING = NO;
				PRODUCT_NAME = libJMidi.1.0.9.jnilib;
				REZ_EXECUTABLE = YES;
				SECTORDER_FLAGS = "";
				WARNING_CFLAGS = "-Wmost -Wno-four-char-constants -Wno-unknown-pragmas";
			};
			dependencies = (
			);
			isa = PBXLibraryTarget;
			name = libJMidi.jnilib;
			productInstallPath = /usr/local/lib;
			productName = libJMidi.jnilib;
			productReference = 01205B34015611757F000001;
			shouldUseHeadermap = 0;
		};
		01205B36015611757F000001 = {
			buildActionMask = 2147483647;
			files = (
			);
			isa = PBXHeadersBuildPhase;
			name = Headers;
		};
		01205B37015611757F000001 = {
			buildActionMask = 2147483647;
			files = (
				F506806102083B1F01053105,
				F506806202083B1F01053105,
			);
			isa = PBXSourcesBuildPhase;
			name = Sources;
		};
		01205B3B015611757F000001 = {
			buildActionMask = 2147483647;
			files = (
				01205B3D0156118E7F000001,
			);
			isa = PBXFrameworksBuildPhase;
			name = "Frameworks & Libraries";
		};
		01205B3C015611757F000001 = {
			buildActionMask = 2147483647;
			files = (
			);
			isa = PBXRezBuildPhase;
			name = "ResourceManager Resources";
		};
		01205B3D0156118E7F000001 = {
			fileRef = 01205B2801560F457F000001;
			isa = PBXBuildFile;
			settings = {
			};
		};
		01F12F4CFEC8CE2211DB9C8B = {
			buildStyles = (
				0E20B662001FAFA711DB9C8B,
				0E20B663001FAFA711DB9C8B,
			);
			isa = PBXProject;
			mainGroup = 01F12F4DFEC8CE2211DB9C8B;
			productRefGroup = 01F12F4FFEC8CEF111DB9C8B;
			projectDirPath = "";
			targets = (
				01205B35015611757F000001,
			);
		};
		01F12F4DFEC8CE2211DB9C8B = {
			children = (
				F506805F02083B1F01053105,
				F506806002083B1F01053105,
				01F12F4FFEC8CEF111DB9C8B,
				01205B2801560F457F000001,
			);
			isa = PBXGroup;
			refType = 4;
		};
		01F12F4FFEC8CEF111DB9C8B = {
			children = (
				01205B34015611757F000001,
			);
			isa = PBXGroup;
			name = Products;
			refType = 4;
		};
//010
//011
//012
//013
//014
//0E0
//0E1
//0E2
//0E3
//0E4
		0E20B662001FAFA711DB9C8B = {
			buildRules = (
			);
			buildSettings = {
				COPY_PHASE_STRIP = NO;
			};
			isa = PBXBuildStyle;
			name = Development;
		};
		0E20B663001FAFA711DB9C8B = {
			buildRules = (
			);
			buildSettings = {
				COPY_PHASE_STRIP = YES;
			};
			isa = PBXBuildStyle;
			name = Deployment;
		};
//0E0
//0E1
//0E2
//0E3
//0E4
//1A0
//1A1
//1A2
//1A3
//1A4
		1A22E0970156146F7F000001 = {
			buildActionMask = 12;
			files = (
			);
			generatedFileNames = (
			);
			isa = PBXShellScriptBuildPhase;
			name = "Shell Script";
			neededFileNames = (
			);
			shellPath = /bin/sh;
			shellScript = "";
		};
//1A0
//1A1
//1A2
//1A3
//1A4
//F50
//F51
//F52
//F53
//F54
		F506805F02083B1F01053105 = {
			isa = PBXFileReference;
			name = Midi.c;
			path = ../src/Midi.c;
			refType = 2;
		};
		F506806002083B1F01053105 = {
			isa = PBXFileReference;
			name = MidiAppl.c;
			path = ../src/MidiAppl.c;
			refType = 2;
		};
		F506806102083B1F01053105 = {
			fileRef = F506805F02083B1F01053105;
			isa = PBXBuildFile;
			settings = {
			};
		};
		F506806202083B1F01053105 = {
			fileRef = F506806002083B1F01053105;
			isa = PBXBuildFile;
			settings = {
			};
		};
	};
	rootObject = 01F12F4CFEC8CE2211DB9C8B;
}
