// !$*UTF8*$!
{
	archiveVersion = 1;
	classes = {
	};
	objectVersion = 42;
	objects = {

/* Begin PBXBuildFile section */
		4BADAD0E09ED773000BC5B44 /* msDriverState.h in Headers */ = {isa = PBXBuildFile; fileRef = F58CAEE9020ADF9B01053105 /* msDriverState.h */; };
		4BADAD0F09ED773100BC5B44 /* msDriverState.c in Sources */ = {isa = PBXBuildFile; fileRef = F58CAEE8020ADF9B01053105 /* msDriverState.c */; };
		4BADAD1009ED773100BC5B44 /* msQTDriver.c in Sources */ = {isa = PBXBuildFile; fileRef = F5EFF91D01FDA41501053105 /* msQTDriver.c */; };
		4BADAD1109ED773200BC5B44 /* profport.c in Sources */ = {isa = PBXBuildFile; fileRef = F5240F1A0208005601053105 /* profport.c */; };
		4BADAD1209ED773300BC5B44 /* msQTDriver.h in Headers */ = {isa = PBXBuildFile; fileRef = F5EFF92601FDA77301053105 /* msQTDriver.h */; };
		4BADAD1309ED773300BC5B44 /* QuickTimeMusic.h in Headers */ = {isa = PBXBuildFile; fileRef = F5EFF92301FDA4CC01053105 /* QuickTimeMusic.h */; };
		4BADAD1C09ED775E00BC5B44 /* MidiShare.framework in Frameworks */ = {isa = PBXBuildFile; fileRef = 4BADAD1909ED775E00BC5B44 /* MidiShare.framework */; };
		4BADAD2409ED776F00BC5B44 /* QuickTime.framework in Frameworks */ = {isa = PBXBuildFile; fileRef = 4BADAD2109ED776F00BC5B44 /* QuickTime.framework */; };
		4BADAD4C09ED779700BC5B44 /* CoreServices.framework in Frameworks */ = {isa = PBXBuildFile; fileRef = 4BADAD4909ED779700BC5B44 /* CoreServices.framework */; };
/* End PBXBuildFile section */

/* Begin PBXBuildStyle section */
		F567580D01FDA3E101053105 /* Development */ = {
			isa = PBXBuildStyle;
			buildSettings = {
				COPY_PHASE_STRIP = NO;
				GCC_DYNAMIC_NO_PIC = NO;
				GCC_ENABLE_FIX_AND_CONTINUE = YES;
				GCC_GENERATE_DEBUGGING_SYMBOLS = YES;
				GCC_OPTIMIZATION_LEVEL = 0;
				ZERO_LINK = YES;
			};
			name = Development;
		};
		F567580E01FDA3E101053105 /* Deployment */ = {
			isa = PBXBuildStyle;
			buildSettings = {
				COPY_PHASE_STRIP = YES;
				GCC_ENABLE_FIX_AND_CONTINUE = NO;
				ZERO_LINK = NO;
			};
			name = Deployment;
		};
/* End PBXBuildStyle section */

/* Begin PBXFileReference section */
		4BADAD0D09ED772600BC5B44 /* msQTDriver.1.0.5.so */ = {isa = PBXFileReference; explicitFileType = "compiled.mach-o.dylib"; includeInIndex = 0; path = msQTDriver.1.0.5.so; sourceTree = BUILT_PRODUCTS_DIR; };
		4BADAD1909ED775E00BC5B44 /* MidiShare.framework */ = {isa = PBXFileReference; lastKnownFileType = wrapper.framework; name = MidiShare.framework; path = /System/Library/Frameworks/MidiShare.framework; sourceTree = "<absolute>"; };
		4BADAD2109ED776F00BC5B44 /* QuickTime.framework */ = {isa = PBXFileReference; lastKnownFileType = wrapper.framework; name = QuickTime.framework; path = /System/Library/Frameworks/QuickTime.framework; sourceTree = "<absolute>"; };
		4BADAD4909ED779700BC5B44 /* CoreServices.framework */ = {isa = PBXFileReference; lastKnownFileType = wrapper.framework; name = CoreServices.framework; path = /System/Library/Frameworks/CoreServices.framework; sourceTree = "<absolute>"; };
		D3EE810805BC09E200FE2FFB /* versions.txt */ = {isa = PBXFileReference; fileEncoding = 30; lastKnownFileType = text; path = versions.txt; sourceTree = "<group>"; };
		F5240F1A0208005601053105 /* profport.c */ = {isa = PBXFileReference; fileEncoding = 30; lastKnownFileType = sourcecode.c.c; name = profport.c; path = ../../../lib/profport.c; sourceTree = SOURCE_ROOT; };
		F58CAEE8020ADF9B01053105 /* msDriverState.c */ = {isa = PBXFileReference; fileEncoding = 30; lastKnownFileType = sourcecode.c.c; name = msDriverState.c; path = ../lib/msDriverState.c; sourceTree = SOURCE_ROOT; };
		F58CAEE9020ADF9B01053105 /* msDriverState.h */ = {isa = PBXFileReference; fileEncoding = 30; lastKnownFileType = sourcecode.c.h; name = msDriverState.h; path = ../lib/msDriverState.h; sourceTree = SOURCE_ROOT; };
		F5EFF91D01FDA41501053105 /* msQTDriver.c */ = {isa = PBXFileReference; fileEncoding = 30; lastKnownFileType = sourcecode.c.c; path = msQTDriver.c; sourceTree = "<group>"; };
		F5EFF92301FDA4CC01053105 /* QuickTimeMusic.h */ = {isa = PBXFileReference; fileEncoding = 30; lastKnownFileType = sourcecode.c.h; name = QuickTimeMusic.h; path = /System/Library/Frameworks/QuickTime.framework/Versions/A/Headers/QuickTimeMusic.h; sourceTree = "<absolute>"; };
		F5EFF92601FDA77301053105 /* msQTDriver.h */ = {isa = PBXFileReference; fileEncoding = 30; lastKnownFileType = sourcecode.c.h; path = msQTDriver.h; sourceTree = "<group>"; };
/* End PBXFileReference section */

/* Begin PBXFrameworksBuildPhase section */
		4BADAD0B09ED772600BC5B44 /* Frameworks */ = {
			isa = PBXFrameworksBuildPhase;
			buildActionMask = 2147483647;
			files = (
				4BADAD1C09ED775E00BC5B44 /* MidiShare.framework in Frameworks */,
				4BADAD2409ED776F00BC5B44 /* QuickTime.framework in Frameworks */,
				4BADAD4C09ED779700BC5B44 /* CoreServices.framework in Frameworks */,
			);
			runOnlyForDeploymentPostprocessing = 0;
		};
/* End PBXFrameworksBuildPhase section */

/* Begin PBXGroup section */
		F567580C01FDA3E101053105 = {
			isa = PBXGroup;
			children = (
				D3EE810805BC09E200FE2FFB /* versions.txt */,
				F5EFF92601FDA77301053105 /* msQTDriver.h */,
				F5EFF91D01FDA41501053105 /* msQTDriver.c */,
				F5240F1A0208005601053105 /* profport.c */,
				F58CAEE8020ADF9B01053105 /* msDriverState.c */,
				F58CAEE9020ADF9B01053105 /* msDriverState.h */,
				F5EFF92301FDA4CC01053105 /* QuickTimeMusic.h */,
				F5EFF91601FDA40901053105 /* Products */,
				4BADAD1909ED775E00BC5B44 /* MidiShare.framework */,
				4BADAD2109ED776F00BC5B44 /* QuickTime.framework */,
				4BADAD4909ED779700BC5B44 /* CoreServices.framework */,
			);
			sourceTree = "<group>";
		};
		F5EFF91601FDA40901053105 /* Products */ = {
			isa = PBXGroup;
			children = (
				4BADAD0D09ED772600BC5B44 /* msQTDriver.1.0.5.so */,
			);
			name = Products;
			sourceTree = "<group>";
		};
/* End PBXGroup section */

/* Begin PBXHeadersBuildPhase section */
		4BADAD0909ED772600BC5B44 /* Headers */ = {
			isa = PBXHeadersBuildPhase;
			buildActionMask = 2147483647;
			files = (
				4BADAD0E09ED773000BC5B44 /* msDriverState.h in Headers */,
				4BADAD1209ED773300BC5B44 /* msQTDriver.h in Headers */,
				4BADAD1309ED773300BC5B44 /* QuickTimeMusic.h in Headers */,
			);
			runOnlyForDeploymentPostprocessing = 0;
		};
/* End PBXHeadersBuildPhase section */

/* Begin PBXNativeTarget section */
		4BADAD0C09ED772600BC5B44 /* msQTDriver Universal */ = {
			isa = PBXNativeTarget;
			buildConfigurationList = 4BADAD1509ED774A00BC5B44 /* Build configuration list for PBXNativeTarget "msQTDriver Universal" */;
			buildPhases = (
				4BADAD0909ED772600BC5B44 /* Headers */,
				4BADAD0A09ED772600BC5B44 /* Sources */,
				4BADAD0B09ED772600BC5B44 /* Frameworks */,
			);
			buildRules = (
			);
			buildSettings = {
				EXECUTABLE_PREFIX = lib;
				GCC_ENABLE_FIX_AND_CONTINUE = YES;
				GCC_MODEL_TUNING = G5;
				INSTALL_PATH = /usr/local/lib;
				PREBINDING = NO;
				PRODUCT_NAME = Untitled;
				ZERO_LINK = YES;
			};
			dependencies = (
			);
			name = "msQTDriver Universal";
			productName = Untitled;
			productReference = 4BADAD0D09ED772600BC5B44 /* msQTDriver.1.0.5.so */;
			productType = "com.apple.product-type.library.dynamic";
		};
/* End PBXNativeTarget section */

/* Begin PBXProject section */
		F567580B01FDA3E101053105 /* Project object */ = {
			isa = PBXProject;
			buildConfigurationList = 4BB41F0C09ED430000EE9367 /* Build configuration list for PBXProject "msQTDriver" */;
			buildSettings = {
			};
			buildStyles = (
				F567580D01FDA3E101053105 /* Development */,
				F567580E01FDA3E101053105 /* Deployment */,
			);
			hasScannedForEncodings = 1;
			mainGroup = F567580C01FDA3E101053105;
			productRefGroup = F5EFF91601FDA40901053105 /* Products */;
			projectDirPath = "";
			targets = (
				4BADAD0C09ED772600BC5B44 /* msQTDriver Universal */,
			);
		};
/* End PBXProject section */

/* Begin PBXSourcesBuildPhase section */
		4BADAD0A09ED772600BC5B44 /* Sources */ = {
			isa = PBXSourcesBuildPhase;
			buildActionMask = 2147483647;
			files = (
				4BADAD0F09ED773100BC5B44 /* msDriverState.c in Sources */,
				4BADAD1009ED773100BC5B44 /* msQTDriver.c in Sources */,
				4BADAD1109ED773200BC5B44 /* profport.c in Sources */,
			);
			runOnlyForDeploymentPostprocessing = 0;
		};
/* End PBXSourcesBuildPhase section */

/* Begin XCBuildConfiguration section */
		4BADAD1609ED774A00BC5B44 /* Development */ = {
			isa = XCBuildConfiguration;
			buildSettings = {
				ARCHS = (
					ppc,
					i386,
				);
				COPY_PHASE_STRIP = NO;
				EXECUTABLE_EXTENSION = so;
				EXECUTABLE_PREFIX = "";
				GCC_DYNAMIC_NO_PIC = NO;
				GCC_ENABLE_FIX_AND_CONTINUE = YES;
				GCC_GENERATE_DEBUGGING_SYMBOLS = YES;
				GCC_MODEL_TUNING = G5;
				GCC_OPTIMIZATION_LEVEL = 0;
				INSTALL_PATH = /usr/local/lib;
				MACH_O_TYPE = mh_dylib;
				PREBINDING = NO;
				PRODUCT_NAME = msQTDriver.1.0.5;
				ZERO_LINK = YES;
			};
			name = Development;
		};
		4BADAD1709ED774A00BC5B44 /* Deployment */ = {
			isa = XCBuildConfiguration;
			buildSettings = {
				ARCHS = (
					ppc,
					i386,
				);
				COPY_PHASE_STRIP = YES;
				EXECUTABLE_EXTENSION = so;
				EXECUTABLE_PREFIX = "";
				GCC_ENABLE_FIX_AND_CONTINUE = NO;
				GCC_GENERATE_DEBUGGING_SYMBOLS = NO;
				GCC_MODEL_TUNING = G5;
				INSTALL_PATH = /usr/local/lib;
				MACH_O_TYPE = mh_dylib;
				PREBINDING = NO;
				PRODUCT_NAME = msQTDriver.1.0.5;
				ZERO_LINK = NO;
			};
			name = Deployment;
		};
		4BADAD1809ED774A00BC5B44 /* Default */ = {
			isa = XCBuildConfiguration;
			buildSettings = {
				ARCHS = (
					ppc,
					i386,
				);
				EXECUTABLE_EXTENSION = so;
				EXECUTABLE_PREFIX = "";
				GCC_ENABLE_FIX_AND_CONTINUE = YES;
				GCC_MODEL_TUNING = G5;
				INSTALL_PATH = /usr/local/lib;
				MACH_O_TYPE = mh_dylib;
				PREBINDING = NO;
				PRODUCT_NAME = msQTDriver.1.0.5;
				ZERO_LINK = YES;
			};
			name = Default;
		};
		4BB41F0D09ED430000EE9367 /* Development */ = {
			isa = XCBuildConfiguration;
			buildSettings = {
			};
			name = Development;
		};
		4BB41F0E09ED430000EE9367 /* Deployment */ = {
			isa = XCBuildConfiguration;
			buildSettings = {
			};
			name = Deployment;
		};
		4BB41F0F09ED430000EE9367 /* Default */ = {
			isa = XCBuildConfiguration;
			buildSettings = {
			};
			name = Default;
		};
/* End XCBuildConfiguration section */

/* Begin XCConfigurationList section */
		4BADAD1509ED774A00BC5B44 /* Build configuration list for PBXNativeTarget "msQTDriver Universal" */ = {
			isa = XCConfigurationList;
			buildConfigurations = (
				4BADAD1609ED774A00BC5B44 /* Development */,
				4BADAD1709ED774A00BC5B44 /* Deployment */,
				4BADAD1809ED774A00BC5B44 /* Default */,
			);
			defaultConfigurationIsVisible = 0;
			defaultConfigurationName = Default;
		};
		4BB41F0C09ED430000EE9367 /* Build configuration list for PBXProject "msQTDriver" */ = {
			isa = XCConfigurationList;
			buildConfigurations = (
				4BB41F0D09ED430000EE9367 /* Development */,
				4BB41F0E09ED430000EE9367 /* Deployment */,
				4BB41F0F09ED430000EE9367 /* Default */,
			);
			defaultConfigurationIsVisible = 0;
			defaultConfigurationName = Default;
		};
/* End XCConfigurationList section */
	};
	rootObject = F567580B01FDA3E101053105 /* Project object */;
}
